
Microsoft Visual Studio Solution File, Format Version 12.00
# Visual Studio Version 16
VisualStudioVersion = 16.0.30114.105
MinimumVisualStudioVersion = 10.0.40219.1
Project("{00D1A9C2-B5F0-4AF3-8072-F6C62B433612}") = "widgets-database", "widgets-database.sqlproj", "{06C27F8E-7337-4EA7-9551-5BA6FCD566A8}"
EndProject
Global
	GlobalSection(SolutionConfigurationPlatforms) = preSolution
		Debug|Any CPU = Debug|Any CPU
		Release|Any CPU = Release|Any CPU
	EndGlobalSection
	GlobalSection(ProjectConfigurationPlatforms) = postSolution
		{06C27F8E-7337-4EA7-9551-5BA6FCD566A8}.Debug|Any CPU.ActiveCfg = Debug|Any CPU
		{06C27F8E-7337-4EA7-9551-5BA6FCD566A8}.Debug|Any CPU.Build.0 = Debug|Any CPU
		{06C27F8E-7337-4EA7-9551-5BA6FCD566A8}.Debug|Any CPU.Deploy.0 = Debug|Any CPU
		{06C27F8E-7337-4EA7-9551-5BA6FCD566A8}.Release|Any CPU.ActiveCfg = Release|Any CPU
		{06C27F8E-7337-4EA7-9551-5BA6FCD566A8}.Release|Any CPU.Build.0 = Release|Any CPU
		{06C27F8E-7337-4EA7-9551-5BA6FCD566A8}.Release|Any CPU.Deploy.0 = Release|Any CPU
	EndGlobalSection
	GlobalSection(SolutionProperties) = preSolution
		HideSolutionNode = FALSE
	EndGlobalSection
	GlobalSection(ExtensibilityGlobals) = postSolution
		SolutionGuid = {8C6369F0-F6E3-438C-B658-831E2C44D1EA}
	EndGlobalSection
EndGlobal
